PODS:
  - DCHideableSectionViewController (0.1)
  - FMDB (2.2):
    - FMDB/standard
  - FMDB/common (2.2)
  - FMDB/standard (2.2):
    - FMDB/common
  - SWTableViewCell (0.2.3)

DEPENDENCIES:
  - DCHideableSectionViewController
  - FMDB
  - SWTableViewCell

SPEC CHECKSUMS:
  DCHideableSectionViewController: 4fcd4ba484a5181d11c281fb07fa8deaff66c200
  FMDB: 97472cfacf0d9e445e915704fb43b4b142799c36
  SWTableViewCell: 270c3758a84547b1cad43d70b72203b3003ce27b

COCOAPODS: 0.29.0
