<?xml version="1.0" encoding="UTF-8"?>
<!DOCTYPE plist PUBLIC "-//Apple//DTD PLIST 1.0//EN" "http://www.apple.com/DTDs/PropertyList-1.0.dtd">
<plist version="1.0">
<dict>
	<key>archiveVersion</key>
	<string>1</string>
	<key>classes</key>
	<dict/>
	<key>objectVersion</key>
	<string>46</string>
	<key>objects</key>
	<dict>
		<key>01D1CAE82EAA479481D44030</key>
		<dict>
			<key>buildActionMask</key>
			<string>2147483647</string>
			<key>files</key>
			<array/>
			<key>inputPaths</key>
			<array/>
			<key>isa</key>
			<string>PBXShellScriptBuildPhase</string>
			<key>name</key>
			<string>Copy Pods Resources</string>
			<key>outputPaths</key>
			<array/>
			<key>runOnlyForDeploymentPostprocessing</key>
			<string>0</string>
			<key>shellPath</key>
			<string>/bin/sh</string>
			<key>shellScript</key>
			<string>"${SRCROOT}/Pods/Pods-resources.sh"
</string>
			<key>showEnvVarsInLog</key>
			<string>0</string>
		</dict>
		<key>2913A3A8BCD9457CB5CE5D00</key>
		<dict>
			<key>includeInIndex</key>
			<string>1</string>
			<key>isa</key>
			<string>PBXFileReference</string>
			<key>lastKnownFileType</key>
			<string>text.xcconfig</string>
			<key>path</key>
			<string>Pods/Pods.xcconfig</string>
			<key>sourceTree</key>
			<string>SOURCE_ROOT</string>
		</dict>
		<key>66DD0DDB182EE903000098D4</key>
		<dict>
			<key>fileEncoding</key>
			<string>4</string>
			<key>isa</key>
			<string>PBXFileReference</string>
			<key>lastKnownFileType</key>
			<string>sourcecode.c.h</string>
			<key>path</key>
			<string>DCNewReminderViewController.h</string>
			<key>sourceTree</key>
			<string>&lt;group&gt;</string>
		</dict>
		<key>66DD0DDC182EE903000098D4</key>
		<dict>
			<key>fileEncoding</key>
			<string>4</string>
			<key>isa</key>
			<string>PBXFileReference</string>
			<key>lastKnownFileType</key>
			<string>sourcecode.c.objc</string>
			<key>path</key>
			<string>DCNewReminderViewController.m</string>
			<key>sourceTree</key>
			<string>&lt;group&gt;</string>
		</dict>
		<key>66DD0DDD182EE903000098D4</key>
		<dict>
			<key>fileRef</key>
			<string>66DD0DDC182EE903000098D4</string>
			<key>isa</key>
			<string>PBXBuildFile</string>
		</dict>
		<key>66DD0DDE182EEB4C000098D4</key>
		<dict>
			<key>fileEncoding</key>
			<string>4</string>
			<key>isa</key>
			<string>PBXFileReference</string>
			<key>lastKnownFileType</key>
			<string>sourcecode.c.h</string>
			<key>path</key>
			<string>DCReminder.h</string>
			<key>sourceTree</key>
			<string>&lt;group&gt;</string>
		</dict>
		<key>66DD0DDF182EEB4C000098D4</key>
		<dict>
			<key>fileEncoding</key>
			<string>4</string>
			<key>isa</key>
			<string>PBXFileReference</string>
			<key>lastKnownFileType</key>
			<string>sourcecode.c.objc</string>
			<key>path</key>
			<string>DCReminder.m</string>
			<key>sourceTree</key>
			<string>&lt;group&gt;</string>
		</dict>
		<key>66DD0DE0182EEB4C000098D4</key>
		<dict>
			<key>fileRef</key>
			<string>66DD0DDF182EEB4C000098D4</string>
			<key>isa</key>
			<string>PBXBuildFile</string>
		</dict>
		<key>66DD0DE1182F0255000098D4</key>
		<dict>
			<key>fileEncoding</key>
			<string>4</string>
			<key>isa</key>
			<string>PBXFileReference</string>
			<key>lastKnownFileType</key>
			<string>sourcecode.c.h</string>
			<key>path</key>
			<string>DCReminderInfoTextCell.h</string>
			<key>sourceTree</key>
			<string>&lt;group&gt;</string>
		</dict>
		<key>66DD0DE2182F0255000098D4</key>
		<dict>
			<key>fileEncoding</key>
			<string>4</string>
			<key>isa</key>
			<string>PBXFileReference</string>
			<key>lastKnownFileType</key>
			<string>sourcecode.c.objc</string>
			<key>path</key>
			<string>DCReminderInfoTextCell.m</string>
			<key>sourceTree</key>
			<string>&lt;group&gt;</string>
		</dict>
		<key>66DD0DE3182F0255000098D4</key>
		<dict>
			<key>fileRef</key>
			<string>66DD0DE2182F0255000098D4</string>
			<key>isa</key>
			<string>PBXBuildFile</string>
		</dict>
		<key>66DD0DE4182F0312000098D4</key>
		<dict>
			<key>fileEncoding</key>
			<string>4</string>
			<key>isa</key>
			<string>PBXFileReference</string>
			<key>lastKnownFileType</key>
			<string>sourcecode.c.h</string>
			<key>path</key>
			<string>DCReminderInfoLabelCell.h</string>
			<key>sourceTree</key>
			<string>&lt;group&gt;</string>
		</dict>
		<key>66DD0DE5182F0312000098D4</key>
		<dict>
			<key>fileEncoding</key>
			<string>4</string>
			<key>isa</key>
			<string>PBXFileReference</string>
			<key>lastKnownFileType</key>
			<string>sourcecode.c.objc</string>
			<key>path</key>
			<string>DCReminderInfoLabelCell.m</string>
			<key>sourceTree</key>
			<string>&lt;group&gt;</string>
		</dict>
		<key>66DD0DE6182F0312000098D4</key>
		<dict>
			<key>fileRef</key>
			<string>66DD0DE5182F0312000098D4</string>
			<key>isa</key>
			<string>PBXBuildFile</string>
		</dict>
		<key>66FE494F182EC0F0001E5950</key>
		<dict>
			<key>children</key>
			<array>
				<string>66FE4961182EC0F0001E5950</string>
				<string>66FE4980182EC0F0001E5950</string>
				<string>66FE495A182EC0F0001E5950</string>
				<string>66FE4959182EC0F0001E5950</string>
				<string>2913A3A8BCD9457CB5CE5D00</string>
			</array>
			<key>isa</key>
			<string>PBXGroup</string>
			<key>sourceTree</key>
			<string>&lt;group&gt;</string>
		</dict>
		<key>66FE4950182EC0F0001E5950</key>
		<dict>
			<key>attributes</key>
			<dict>
				<key>CLASSPREFIX</key>
				<string>DC</string>
				<key>LastUpgradeCheck</key>
				<string>0500</string>
				<key>ORGANIZATIONNAME</key>
				<string>Dan Cohn</string>
				<key>TargetAttributes</key>
				<dict>
					<key>66FE4978182EC0F0001E5950</key>
					<dict>
						<key>TestTargetID</key>
						<string>66FE4957182EC0F0001E5950</string>
					</dict>
				</dict>
			</dict>
			<key>buildConfigurationList</key>
			<string>66FE4953182EC0F0001E5950</string>
			<key>compatibilityVersion</key>
			<string>Xcode 3.2</string>
			<key>developmentRegion</key>
			<string>English</string>
			<key>hasScannedForEncodings</key>
			<string>0</string>
			<key>isa</key>
			<string>PBXProject</string>
			<key>knownRegions</key>
			<array>
				<string>en</string>
				<string>Base</string>
			</array>
			<key>mainGroup</key>
			<string>66FE494F182EC0F0001E5950</string>
			<key>productRefGroup</key>
			<string>66FE4959182EC0F0001E5950</string>
			<key>projectDirPath</key>
			<string></string>
			<key>projectReferences</key>
			<array/>
			<key>projectRoot</key>
			<string></string>
			<key>targets</key>
			<array>
				<string>66FE4957182EC0F0001E5950</string>
				<string>66FE4978182EC0F0001E5950</string>
			</array>
		</dict>
		<key>66FE4953182EC0F0001E5950</key>
		<dict>
			<key>buildConfigurations</key>
			<array>
				<string>66FE4988182EC0F0001E5950</string>
				<string>66FE4989182EC0F0001E5950</string>
			</array>
			<key>defaultConfigurationIsVisible</key>
			<string>0</string>
			<key>defaultConfigurationName</key>
			<string>Release</string>
			<key>isa</key>
			<string>XCConfigurationList</string>
		</dict>
		<key>66FE4954182EC0F0001E5950</key>
		<dict>
			<key>buildActionMask</key>
			<string>2147483647</string>
			<key>files</key>
			<array>
				<string>66FE4968182EC0F0001E5950</string>
				<string>66FE499E182EC5CB001E5950</string>
				<string>66FE4972182EC0F0001E5950</string>
				<string>66DD0DDD182EE903000098D4</string>
				<string>66DD0DE3182F0255000098D4</string>
				<string>66DD0DE6182F0312000098D4</string>
				<string>66DD0DE0182EEB4C000098D4</string>
				<string>66FE496C182EC0F0001E5950</string>
			</array>
			<key>isa</key>
			<string>PBXSourcesBuildPhase</string>
			<key>runOnlyForDeploymentPostprocessing</key>
			<string>0</string>
		</dict>
		<key>66FE4955182EC0F0001E5950</key>
		<dict>
			<key>buildActionMask</key>
			<string>2147483647</string>
			<key>files</key>
			<array>
				<string>66FE495E182EC0F0001E5950</string>
				<string>66FE4960182EC0F0001E5950</string>
				<string>66FE495C182EC0F0001E5950</string>
				<string>7F17D22D17504BA484649EB5</string>
			</array>
			<key>isa</key>
			<string>PBXFrameworksBuildPhase</string>
			<key>runOnlyForDeploymentPostprocessing</key>
			<string>0</string>
		</dict>
		<key>66FE4956182EC0F0001E5950</key>
		<dict>
			<key>buildActionMask</key>
			<string>2147483647</string>
			<key>files</key>
			<array>
				<string>66FE4974182EC0F0001E5950</string>
				<string>66FE4966182EC0F0001E5950</string>
				<string>66FE496F182EC0F0001E5950</string>
			</array>
			<key>isa</key>
			<string>PBXResourcesBuildPhase</string>
			<key>runOnlyForDeploymentPostprocessing</key>
			<string>0</string>
		</dict>
		<key>66FE4957182EC0F0001E5950</key>
		<dict>
			<key>buildConfigurationList</key>
			<string>66FE498A182EC0F0001E5950</string>
			<key>buildPhases</key>
			<array>
				<string>FC57C6B4A43B487D98F49415</string>
				<string>66FE4954182EC0F0001E5950</string>
				<string>66FE4955182EC0F0001E5950</string>
				<string>66FE4956182EC0F0001E5950</string>
				<string>01D1CAE82EAA479481D44030</string>
			</array>
			<key>buildRules</key>
			<array/>
			<key>dependencies</key>
			<array/>
			<key>isa</key>
			<string>PBXNativeTarget</string>
			<key>name</key>
			<string>RemindMe</string>
			<key>productName</key>
			<string>RemindMe</string>
			<key>productReference</key>
			<string>66FE4958182EC0F0001E5950</string>
			<key>productType</key>
			<string>com.apple.product-type.application</string>
		</dict>
		<key>66FE4958182EC0F0001E5950</key>
		<dict>
			<key>explicitFileType</key>
			<string>wrapper.application</string>
			<key>includeInIndex</key>
			<string>0</string>
			<key>isa</key>
			<string>PBXFileReference</string>
			<key>path</key>
			<string>RemindMe.app</string>
			<key>sourceTree</key>
			<string>BUILT_PRODUCTS_DIR</string>
		</dict>
		<key>66FE4959182EC0F0001E5950</key>
		<dict>
			<key>children</key>
			<array>
				<string>66FE4958182EC0F0001E5950</string>
				<string>66FE4979182EC0F0001E5950</string>
			</array>
			<key>isa</key>
			<string>PBXGroup</string>
			<key>name</key>
			<string>Products</string>
			<key>sourceTree</key>
			<string>&lt;group&gt;</string>
		</dict>
		<key>66FE495A182EC0F0001E5950</key>
		<dict>
			<key>children</key>
			<array>
				<string>66FE495B182EC0F0001E5950</string>
				<string>66FE495D182EC0F0001E5950</string>
				<string>66FE495F182EC0F0001E5950</string>
				<string>66FE497A182EC0F0001E5950</string>
				<string>C172A44BC0424202A6C3D1D7</string>
			</array>
			<key>isa</key>
			<string>PBXGroup</string>
			<key>name</key>
			<string>Frameworks</string>
			<key>sourceTree</key>
			<string>&lt;group&gt;</string>
		</dict>
		<key>66FE495B182EC0F0001E5950</key>
		<dict>
			<key>isa</key>
			<string>PBXFileReference</string>
			<key>lastKnownFileType</key>
			<string>wrapper.framework</string>
			<key>name</key>
			<string>Foundation.framework</string>
			<key>path</key>
			<string>System/Library/Frameworks/Foundation.framework</string>
			<key>sourceTree</key>
			<string>SDKROOT</string>
		</dict>
		<key>66FE495C182EC0F0001E5950</key>
		<dict>
			<key>fileRef</key>
			<string>66FE495B182EC0F0001E5950</string>
			<key>isa</key>
			<string>PBXBuildFile</string>
		</dict>
		<key>66FE495D182EC0F0001E5950</key>
		<dict>
			<key>isa</key>
			<string>PBXFileReference</string>
			<key>lastKnownFileType</key>
			<string>wrapper.framework</string>
			<key>name</key>
			<string>CoreGraphics.framework</string>
			<key>path</key>
			<string>System/Library/Frameworks/CoreGraphics.framework</string>
			<key>sourceTree</key>
			<string>SDKROOT</string>
		</dict>
		<key>66FE495E182EC0F0001E5950</key>
		<dict>
			<key>fileRef</key>
			<string>66FE495D182EC0F0001E5950</string>
			<key>isa</key>
			<string>PBXBuildFile</string>
		</dict>
		<key>66FE495F182EC0F0001E5950</key>
		<dict>
			<key>isa</key>
			<string>PBXFileReference</string>
			<key>lastKnownFileType</key>
			<string>wrapper.framework</string>
			<key>name</key>
			<string>UIKit.framework</string>
			<key>path</key>
			<string>System/Library/Frameworks/UIKit.framework</string>
			<key>sourceTree</key>
			<string>SDKROOT</string>
		</dict>
		<key>66FE4960182EC0F0001E5950</key>
		<dict>
			<key>fileRef</key>
			<string>66FE495F182EC0F0001E5950</string>
			<key>isa</key>
			<string>PBXBuildFile</string>
		</dict>
		<key>66FE4961182EC0F0001E5950</key>
		<dict>
			<key>children</key>
			<array>
				<string>66FE4990182EC270001E5950</string>
				<string>66FE4991182EC27D001E5950</string>
				<string>66FE4992182EC284001E5950</string>
				<string>66FE496A182EC0F0001E5950</string>
				<string>66FE496B182EC0F0001E5950</string>
				<string>66FE496D182EC0F0001E5950</string>
				<string>66FE4973182EC0F0001E5950</string>
				<string>66FE4962182EC0F0001E5950</string>
			</array>
			<key>isa</key>
			<string>PBXGroup</string>
			<key>path</key>
			<string>RemindMe</string>
			<key>sourceTree</key>
			<string>&lt;group&gt;</string>
		</dict>
		<key>66FE4962182EC0F0001E5950</key>
		<dict>
			<key>children</key>
			<array>
				<string>66FE4963182EC0F0001E5950</string>
				<string>66FE4964182EC0F0001E5950</string>
				<string>66FE4967182EC0F0001E5950</string>
				<string>66FE4969182EC0F0001E5950</string>
			</array>
			<key>isa</key>
			<string>PBXGroup</string>
			<key>name</key>
			<string>Supporting Files</string>
			<key>sourceTree</key>
			<string>&lt;group&gt;</string>
		</dict>
		<key>66FE4963182EC0F0001E5950</key>
		<dict>
			<key>isa</key>
			<string>PBXFileReference</string>
			<key>lastKnownFileType</key>
			<string>text.plist.xml</string>
			<key>path</key>
			<string>RemindMe-Info.plist</string>
			<key>sourceTree</key>
			<string>&lt;group&gt;</string>
		</dict>
		<key>66FE4964182EC0F0001E5950</key>
		<dict>
			<key>children</key>
			<array>
				<string>66FE4965182EC0F0001E5950</string>
			</array>
			<key>isa</key>
			<string>PBXVariantGroup</string>
			<key>name</key>
			<string>InfoPlist.strings</string>
			<key>sourceTree</key>
			<string>&lt;group&gt;</string>
		</dict>
		<key>66FE4965182EC0F0001E5950</key>
		<dict>
			<key>isa</key>
			<string>PBXFileReference</string>
			<key>lastKnownFileType</key>
			<string>text.plist.strings</string>
			<key>name</key>
			<string>en</string>
			<key>path</key>
			<string>en.lproj/InfoPlist.strings</string>
			<key>sourceTree</key>
			<string>&lt;group&gt;</string>
		</dict>
		<key>66FE4966182EC0F0001E5950</key>
		<dict>
			<key>fileRef</key>
			<string>66FE4964182EC0F0001E5950</string>
			<key>isa</key>
			<string>PBXBuildFile</string>
		</dict>
		<key>66FE4967182EC0F0001E5950</key>
		<dict>
			<key>isa</key>
			<string>PBXFileReference</string>
			<key>lastKnownFileType</key>
			<string>sourcecode.c.objc</string>
			<key>path</key>
			<string>main.m</string>
			<key>sourceTree</key>
			<string>&lt;group&gt;</string>
		</dict>
		<key>66FE4968182EC0F0001E5950</key>
		<dict>
			<key>fileRef</key>
			<string>66FE4967182EC0F0001E5950</string>
			<key>isa</key>
			<string>PBXBuildFile</string>
		</dict>
		<key>66FE4969182EC0F0001E5950</key>
		<dict>
			<key>isa</key>
			<string>PBXFileReference</string>
			<key>lastKnownFileType</key>
			<string>sourcecode.c.h</string>
			<key>path</key>
			<string>RemindMe-Prefix.pch</string>
			<key>sourceTree</key>
			<string>&lt;group&gt;</string>
		</dict>
		<key>66FE496A182EC0F0001E5950</key>
		<dict>
			<key>isa</key>
			<string>PBXFileReference</string>
			<key>lastKnownFileType</key>
			<string>sourcecode.c.h</string>
			<key>path</key>
			<string>DCAppDelegate.h</string>
			<key>sourceTree</key>
			<string>&lt;group&gt;</string>
		</dict>
		<key>66FE496B182EC0F0001E5950</key>
		<dict>
			<key>isa</key>
			<string>PBXFileReference</string>
			<key>lastKnownFileType</key>
			<string>sourcecode.c.objc</string>
			<key>path</key>
			<string>DCAppDelegate.m</string>
			<key>sourceTree</key>
			<string>&lt;group&gt;</string>
		</dict>
		<key>66FE496C182EC0F0001E5950</key>
		<dict>
			<key>fileRef</key>
			<string>66FE496B182EC0F0001E5950</string>
			<key>isa</key>
			<string>PBXBuildFile</string>
		</dict>
		<key>66FE496D182EC0F0001E5950</key>
		<dict>
			<key>children</key>
			<array>
				<string>66FE496E182EC0F0001E5950</string>
			</array>
			<key>isa</key>
			<string>PBXVariantGroup</string>
			<key>name</key>
			<string>Main.storyboard</string>
			<key>sourceTree</key>
			<string>&lt;group&gt;</string>
		</dict>
		<key>66FE496E182EC0F0001E5950</key>
		<dict>
			<key>isa</key>
			<string>PBXFileReference</string>
			<key>lastKnownFileType</key>
			<string>file.storyboard</string>
			<key>name</key>
			<string>Base</string>
			<key>path</key>
			<string>Base.lproj/Main.storyboard</string>
			<key>sourceTree</key>
			<string>&lt;group&gt;</string>
		</dict>
		<key>66FE496F182EC0F0001E5950</key>
		<dict>
			<key>fileRef</key>
			<string>66FE496D182EC0F0001E5950</string>
			<key>isa</key>
			<string>PBXBuildFile</string>
		</dict>
		<key>66FE4970182EC0F0001E5950</key>
		<dict>
			<key>isa</key>
			<string>PBXFileReference</string>
			<key>lastKnownFileType</key>
			<string>sourcecode.c.h</string>
			<key>path</key>
			<string>DCViewController.h</string>
			<key>sourceTree</key>
			<string>&lt;group&gt;</string>
		</dict>
		<key>66FE4971182EC0F0001E5950</key>
		<dict>
			<key>isa</key>
			<string>PBXFileReference</string>
			<key>lastKnownFileType</key>
			<string>sourcecode.c.objc</string>
			<key>path</key>
			<string>DCViewController.m</string>
			<key>sourceTree</key>
			<string>&lt;group&gt;</string>
		</dict>
		<key>66FE4972182EC0F0001E5950</key>
		<dict>
			<key>fileRef</key>
			<string>66FE4971182EC0F0001E5950</string>
			<key>isa</key>
			<string>PBXBuildFile</string>
		</dict>
		<key>66FE4973182EC0F0001E5950</key>
		<dict>
			<key>isa</key>
			<string>PBXFileReference</string>
			<key>lastKnownFileType</key>
			<string>folder.assetcatalog</string>
			<key>path</key>
			<string>Images.xcassets</string>
			<key>sourceTree</key>
			<string>&lt;group&gt;</string>
		</dict>
		<key>66FE4974182EC0F0001E5950</key>
		<dict>
			<key>fileRef</key>
			<string>66FE4973182EC0F0001E5950</string>
			<key>isa</key>
			<string>PBXBuildFile</string>
		</dict>
		<key>66FE4975182EC0F0001E5950</key>
		<dict>
			<key>buildActionMask</key>
			<string>2147483647</string>
			<key>files</key>
			<array>
				<string>66FE4987182EC0F0001E5950</string>
			</array>
			<key>isa</key>
			<string>PBXSourcesBuildPhase</string>
			<key>runOnlyForDeploymentPostprocessing</key>
			<string>0</string>
		</dict>
		<key>66FE4976182EC0F0001E5950</key>
		<dict>
			<key>buildActionMask</key>
			<string>2147483647</string>
			<key>files</key>
			<array>
				<string>66FE497B182EC0F0001E5950</string>
				<string>66FE497D182EC0F0001E5950</string>
				<string>66FE497C182EC0F0001E5950</string>
			</array>
			<key>isa</key>
			<string>PBXFrameworksBuildPhase</string>
			<key>runOnlyForDeploymentPostprocessing</key>
			<string>0</string>
		</dict>
		<key>66FE4977182EC0F0001E5950</key>
		<dict>
			<key>buildActionMask</key>
			<string>2147483647</string>
			<key>files</key>
			<array>
				<string>66FE4985182EC0F0001E5950</string>
			</array>
			<key>isa</key>
			<string>PBXResourcesBuildPhase</string>
			<key>runOnlyForDeploymentPostprocessing</key>
			<string>0</string>
		</dict>
		<key>66FE4978182EC0F0001E5950</key>
		<dict>
			<key>buildConfigurationList</key>
			<string>66FE498D182EC0F0001E5950</string>
			<key>buildPhases</key>
			<array>
				<string>66FE4975182EC0F0001E5950</string>
				<string>66FE4976182EC0F0001E5950</string>
				<string>66FE4977182EC0F0001E5950</string>
			</array>
			<key>buildRules</key>
			<array/>
			<key>dependencies</key>
			<array>
				<string>66FE497F182EC0F0001E5950</string>
			</array>
			<key>isa</key>
			<string>PBXNativeTarget</string>
			<key>name</key>
			<string>RemindMeTests</string>
			<key>productName</key>
			<string>RemindMeTests</string>
			<key>productReference</key>
			<string>66FE4979182EC0F0001E5950</string>
			<key>productType</key>
			<string>com.apple.product-type.bundle.unit-test</string>
		</dict>
		<key>66FE4979182EC0F0001E5950</key>
		<dict>
			<key>explicitFileType</key>
			<string>wrapper.cfbundle</string>
			<key>includeInIndex</key>
			<string>0</string>
			<key>isa</key>
			<string>PBXFileReference</string>
			<key>path</key>
			<string>RemindMeTests.xctest</string>
			<key>sourceTree</key>
			<string>BUILT_PRODUCTS_DIR</string>
		</dict>
		<key>66FE497A182EC0F0001E5950</key>
		<dict>
			<key>isa</key>
			<string>PBXFileReference</string>
			<key>lastKnownFileType</key>
			<string>wrapper.framework</string>
			<key>name</key>
			<string>XCTest.framework</string>
			<key>path</key>
			<string>Library/Frameworks/XCTest.framework</string>
			<key>sourceTree</key>
			<string>DEVELOPER_DIR</string>
		</dict>
		<key>66FE497B182EC0F0001E5950</key>
		<dict>
			<key>fileRef</key>
			<string>66FE497A182EC0F0001E5950</string>
			<key>isa</key>
			<string>PBXBuildFile</string>
		</dict>
		<key>66FE497C182EC0F0001E5950</key>
		<dict>
			<key>fileRef</key>
			<string>66FE495B182EC0F0001E5950</string>
			<key>isa</key>
			<string>PBXBuildFile</string>
		</dict>
		<key>66FE497D182EC0F0001E5950</key>
		<dict>
			<key>fileRef</key>
			<string>66FE495F182EC0F0001E5950</string>
			<key>isa</key>
			<string>PBXBuildFile</string>
		</dict>
		<key>66FE497E182EC0F0001E5950</key>
		<dict>
			<key>containerPortal</key>
			<string>66FE4950182EC0F0001E5950</string>
			<key>isa</key>
			<string>PBXContainerItemProxy</string>
			<key>proxyType</key>
			<string>1</string>
			<key>remoteGlobalIDString</key>
			<string>66FE4957182EC0F0001E5950</string>
			<key>remoteInfo</key>
			<string>RemindMe</string>
		</dict>
		<key>66FE497F182EC0F0001E5950</key>
		<dict>
			<key>isa</key>
			<string>PBXTargetDependency</string>
			<key>target</key>
			<string>66FE4957182EC0F0001E5950</string>
			<key>targetProxy</key>
			<string>66FE497E182EC0F0001E5950</string>
		</dict>
		<key>66FE4980182EC0F0001E5950</key>
		<dict>
			<key>children</key>
			<array>
				<string>66FE4986182EC0F0001E5950</string>
				<string>66FE4981182EC0F0001E5950</string>
			</array>
			<key>isa</key>
			<string>PBXGroup</string>
			<key>path</key>
			<string>RemindMeTests</string>
			<key>sourceTree</key>
			<string>&lt;group&gt;</string>
		</dict>
		<key>66FE4981182EC0F0001E5950</key>
		<dict>
			<key>children</key>
			<array>
				<string>66FE4982182EC0F0001E5950</string>
				<string>66FE4983182EC0F0001E5950</string>
			</array>
			<key>isa</key>
			<string>PBXGroup</string>
			<key>name</key>
			<string>Supporting Files</string>
			<key>sourceTree</key>
			<string>&lt;group&gt;</string>
		</dict>
		<key>66FE4982182EC0F0001E5950</key>
		<dict>
			<key>isa</key>
			<string>PBXFileReference</string>
			<key>lastKnownFileType</key>
			<string>text.plist.xml</string>
			<key>path</key>
			<string>RemindMeTests-Info.plist</string>
			<key>sourceTree</key>
			<string>&lt;group&gt;</string>
		</dict>
		<key>66FE4983182EC0F0001E5950</key>
		<dict>
			<key>children</key>
			<array>
				<string>66FE4984182EC0F0001E5950</string>
			</array>
			<key>isa</key>
			<string>PBXVariantGroup</string>
			<key>name</key>
			<string>InfoPlist.strings</string>
			<key>sourceTree</key>
			<string>&lt;group&gt;</string>
		</dict>
		<key>66FE4984182EC0F0001E5950</key>
		<dict>
			<key>isa</key>
			<string>PBXFileReference</string>
			<key>lastKnownFileType</key>
			<string>text.plist.strings</string>
			<key>name</key>
			<string>en</string>
			<key>path</key>
			<string>en.lproj/InfoPlist.strings</string>
			<key>sourceTree</key>
			<string>&lt;group&gt;</string>
		</dict>
		<key>66FE4985182EC0F0001E5950</key>
		<dict>
			<key>fileRef</key>
			<string>66FE4983182EC0F0001E5950</string>
			<key>isa</key>
			<string>PBXBuildFile</string>
		</dict>
		<key>66FE4986182EC0F0001E5950</key>
		<dict>
			<key>isa</key>
			<string>PBXFileReference</string>
			<key>lastKnownFileType</key>
			<string>sourcecode.c.objc</string>
			<key>path</key>
			<string>RemindMeTests.m</string>
			<key>sourceTree</key>
			<string>&lt;group&gt;</string>
		</dict>
		<key>66FE4987182EC0F0001E5950</key>
		<dict>
			<key>fileRef</key>
			<string>66FE4986182EC0F0001E5950</string>
			<key>isa</key>
			<string>PBXBuildFile</string>
		</dict>
		<key>66FE4988182EC0F0001E5950</key>
		<dict>
			<key>buildSettings</key>
			<dict>
				<key>ALWAYS_SEARCH_USER_PATHS</key>
				<string>NO</string>
				<key>ARCHS</key>
				<string>$(ARCHS_STANDARD_INCLUDING_64_BIT)</string>
				<key>CLANG_CXX_LANGUAGE_STANDARD</key>
				<string>gnu++0x</string>
				<key>CLANG_CXX_LIBRARY</key>
				<string>libc++</string>
				<key>CLANG_ENABLE_MODULES</key>
				<string>YES</string>
				<key>CLANG_ENABLE_OBJC_ARC</key>
				<string>YES</string>
				<key>CLANG_WARN_BOOL_CONVERSION</key>
				<string>YES</string>
				<key>CLANG_WARN_CONSTANT_CONVERSION</key>
				<string>YES</string>
				<key>CLANG_WARN_DIRECT_OBJC_ISA_USAGE</key>
				<string>YES_ERROR</string>
				<key>CLANG_WARN_EMPTY_BODY</key>
				<string>YES</string>
				<key>CLANG_WARN_ENUM_CONVERSION</key>
				<string>YES</string>
				<key>CLANG_WARN_INT_CONVERSION</key>
				<string>YES</string>
				<key>CLANG_WARN_OBJC_ROOT_CLASS</key>
				<string>YES_ERROR</string>
				<key>CLANG_WARN__DUPLICATE_METHOD_MATCH</key>
				<string>YES</string>
				<key>CODE_SIGN_IDENTITY[sdk=iphoneos*]</key>
				<string>iPhone Developer</string>
				<key>COPY_PHASE_STRIP</key>
				<string>NO</string>
				<key>GCC_C_LANGUAGE_STANDARD</key>
				<string>gnu99</string>
				<key>GCC_DYNAMIC_NO_PIC</key>
				<string>NO</string>
				<key>GCC_OPTIMIZATION_LEVEL</key>
				<string>0</string>
				<key>GCC_PREPROCESSOR_DEFINITIONS</key>
				<array>
					<string>DEBUG=1</string>
					<string>$(inherited)</string>
				</array>
				<key>GCC_SYMBOLS_PRIVATE_EXTERN</key>
				<string>NO</string>
				<key>GCC_WARN_64_TO_32_BIT_CONVERSION</key>
				<string>YES</string>
				<key>GCC_WARN_ABOUT_RETURN_TYPE</key>
				<string>YES_ERROR</string>
				<key>GCC_WARN_UNDECLARED_SELECTOR</key>
				<string>YES</string>
				<key>GCC_WARN_UNINITIALIZED_AUTOS</key>
				<string>YES</string>
				<key>GCC_WARN_UNUSED_FUNCTION</key>
				<string>YES</string>
				<key>GCC_WARN_UNUSED_VARIABLE</key>
				<string>YES</string>
				<key>IPHONEOS_DEPLOYMENT_TARGET</key>
				<string>7.0</string>
				<key>ONLY_ACTIVE_ARCH</key>
				<string>YES</string>
				<key>SDKROOT</key>
				<string>iphoneos</string>
			</dict>
			<key>isa</key>
			<string>XCBuildConfiguration</string>
			<key>name</key>
			<string>Debug</string>
		</dict>
		<key>66FE4989182EC0F0001E5950</key>
		<dict>
			<key>buildSettings</key>
			<dict>
				<key>ALWAYS_SEARCH_USER_PATHS</key>
				<string>NO</string>
				<key>ARCHS</key>
				<string>$(ARCHS_STANDARD_INCLUDING_64_BIT)</string>
				<key>CLANG_CXX_LANGUAGE_STANDARD</key>
				<string>gnu++0x</string>
				<key>CLANG_CXX_LIBRARY</key>
				<string>libc++</string>
				<key>CLANG_ENABLE_MODULES</key>
				<string>YES</string>
				<key>CLANG_ENABLE_OBJC_ARC</key>
				<string>YES</string>
				<key>CLANG_WARN_BOOL_CONVERSION</key>
				<string>YES</string>
				<key>CLANG_WARN_CONSTANT_CONVERSION</key>
				<string>YES</string>
				<key>CLANG_WARN_DIRECT_OBJC_ISA_USAGE</key>
				<string>YES_ERROR</string>
				<key>CLANG_WARN_EMPTY_BODY</key>
				<string>YES</string>
				<key>CLANG_WARN_ENUM_CONVERSION</key>
				<string>YES</string>
				<key>CLANG_WARN_INT_CONVERSION</key>
				<string>YES</string>
				<key>CLANG_WARN_OBJC_ROOT_CLASS</key>
				<string>YES_ERROR</string>
				<key>CLANG_WARN__DUPLICATE_METHOD_MATCH</key>
				<string>YES</string>
				<key>CODE_SIGN_IDENTITY[sdk=iphoneos*]</key>
				<string>iPhone Developer</string>
				<key>COPY_PHASE_STRIP</key>
				<string>YES</string>
				<key>ENABLE_NS_ASSERTIONS</key>
				<string>NO</string>
				<key>GCC_C_LANGUAGE_STANDARD</key>
				<string>gnu99</string>
				<key>GCC_WARN_64_TO_32_BIT_CONVERSION</key>
				<string>YES</string>
				<key>GCC_WARN_ABOUT_RETURN_TYPE</key>
				<string>YES_ERROR</string>
				<key>GCC_WARN_UNDECLARED_SELECTOR</key>
				<string>YES</string>
				<key>GCC_WARN_UNINITIALIZED_AUTOS</key>
				<string>YES</string>
				<key>GCC_WARN_UNUSED_FUNCTION</key>
				<string>YES</string>
				<key>GCC_WARN_UNUSED_VARIABLE</key>
				<string>YES</string>
				<key>IPHONEOS_DEPLOYMENT_TARGET</key>
				<string>7.0</string>
				<key>SDKROOT</key>
				<string>iphoneos</string>
				<key>VALIDATE_PRODUCT</key>
				<string>YES</string>
			</dict>
			<key>isa</key>
			<string>XCBuildConfiguration</string>
			<key>name</key>
			<string>Release</string>
		</dict>
		<key>66FE498A182EC0F0001E5950</key>
		<dict>
			<key>buildConfigurations</key>
			<array>
				<string>66FE498B182EC0F0001E5950</string>
				<string>66FE498C182EC0F0001E5950</string>
			</array>
			<key>defaultConfigurationIsVisible</key>
			<string>0</string>
			<key>defaultConfigurationName</key>
			<string>Release</string>
			<key>isa</key>
			<string>XCConfigurationList</string>
		</dict>
		<key>66FE498B182EC0F0001E5950</key>
		<dict>
			<key>baseConfigurationReference</key>
			<string>2913A3A8BCD9457CB5CE5D00</string>
			<key>buildSettings</key>
			<dict>
				<key>ASSETCATALOG_COMPILER_APPICON_NAME</key>
				<string>AppIcon</string>
				<key>ASSETCATALOG_COMPILER_LAUNCHIMAGE_NAME</key>
				<string>LaunchImage</string>
				<key>GCC_PRECOMPILE_PREFIX_HEADER</key>
				<string>YES</string>
				<key>GCC_PREFIX_HEADER</key>
				<string>RemindMe/RemindMe-Prefix.pch</string>
				<key>INFOPLIST_FILE</key>
				<string>RemindMe/RemindMe-Info.plist</string>
				<key>IPHONEOS_DEPLOYMENT_TARGET</key>
				<string>7.0</string>
				<key>PRODUCT_NAME</key>
				<string>$(TARGET_NAME)</string>
				<key>WRAPPER_EXTENSION</key>
				<string>app</string>
			</dict>
			<key>isa</key>
			<string>XCBuildConfiguration</string>
			<key>name</key>
			<string>Debug</string>
		</dict>
		<key>66FE498C182EC0F0001E5950</key>
		<dict>
			<key>baseConfigurationReference</key>
			<string>2913A3A8BCD9457CB5CE5D00</string>
			<key>buildSettings</key>
			<dict>
				<key>ASSETCATALOG_COMPILER_APPICON_NAME</key>
				<string>AppIcon</string>
				<key>ASSETCATALOG_COMPILER_LAUNCHIMAGE_NAME</key>
				<string>LaunchImage</string>
				<key>GCC_PRECOMPILE_PREFIX_HEADER</key>
				<string>YES</string>
				<key>GCC_PREFIX_HEADER</key>
				<string>RemindMe/RemindMe-Prefix.pch</string>
				<key>INFOPLIST_FILE</key>
				<string>RemindMe/RemindMe-Info.plist</string>
				<key>IPHONEOS_DEPLOYMENT_TARGET</key>
				<string>7.0</string>
				<key>PRODUCT_NAME</key>
				<string>$(TARGET_NAME)</string>
				<key>WRAPPER_EXTENSION</key>
				<string>app</string>
			</dict>
			<key>isa</key>
			<string>XCBuildConfiguration</string>
			<key>name</key>
			<string>Release</string>
		</dict>
		<key>66FE498D182EC0F0001E5950</key>
		<dict>
			<key>buildConfigurations</key>
			<array>
				<string>66FE498E182EC0F0001E5950</string>
				<string>66FE498F182EC0F0001E5950</string>
			</array>
			<key>defaultConfigurationIsVisible</key>
			<string>0</string>
			<key>defaultConfigurationName</key>
			<string>Release</string>
			<key>isa</key>
			<string>XCConfigurationList</string>
		</dict>
		<key>66FE498E182EC0F0001E5950</key>
		<dict>
			<key>buildSettings</key>
			<dict>
				<key>ARCHS</key>
				<string>$(ARCHS_STANDARD_INCLUDING_64_BIT)</string>
				<key>BUNDLE_LOADER</key>
				<string>$(BUILT_PRODUCTS_DIR)/RemindMe.app/RemindMe</string>
				<key>FRAMEWORK_SEARCH_PATHS</key>
				<array>
					<string>$(SDKROOT)/Developer/Library/Frameworks</string>
					<string>$(inherited)</string>
					<string>$(DEVELOPER_FRAMEWORKS_DIR)</string>
				</array>
				<key>GCC_PRECOMPILE_PREFIX_HEADER</key>
				<string>YES</string>
				<key>GCC_PREFIX_HEADER</key>
				<string>RemindMe/RemindMe-Prefix.pch</string>
				<key>GCC_PREPROCESSOR_DEFINITIONS</key>
				<array>
					<string>DEBUG=1</string>
					<string>$(inherited)</string>
				</array>
				<key>INFOPLIST_FILE</key>
				<string>RemindMeTests/RemindMeTests-Info.plist</string>
				<key>PRODUCT_NAME</key>
				<string>$(TARGET_NAME)</string>
				<key>TEST_HOST</key>
				<string>$(BUNDLE_LOADER)</string>
				<key>WRAPPER_EXTENSION</key>
				<string>xctest</string>
			</dict>
			<key>isa</key>
			<string>XCBuildConfiguration</string>
			<key>name</key>
			<string>Debug</string>
		</dict>
		<key>66FE498F182EC0F0001E5950</key>
		<dict>
			<key>buildSettings</key>
			<dict>
				<key>ARCHS</key>
				<string>$(ARCHS_STANDARD_INCLUDING_64_BIT)</string>
				<key>BUNDLE_LOADER</key>
				<string>$(BUILT_PRODUCTS_DIR)/RemindMe.app/RemindMe</string>
				<key>FRAMEWORK_SEARCH_PATHS</key>
				<array>
					<string>$(SDKROOT)/Developer/Library/Frameworks</string>
					<string>$(inherited)</string>
					<string>$(DEVELOPER_FRAMEWORKS_DIR)</string>
				</array>
				<key>GCC_PRECOMPILE_PREFIX_HEADER</key>
				<string>YES</string>
				<key>GCC_PREFIX_HEADER</key>
				<string>RemindMe/RemindMe-Prefix.pch</string>
				<key>INFOPLIST_FILE</key>
				<string>RemindMeTests/RemindMeTests-Info.plist</string>
				<key>PRODUCT_NAME</key>
				<string>$(TARGET_NAME)</string>
				<key>TEST_HOST</key>
				<string>$(BUNDLE_LOADER)</string>
				<key>WRAPPER_EXTENSION</key>
				<string>xctest</string>
			</dict>
			<key>isa</key>
			<string>XCBuildConfiguration</string>
			<key>name</key>
			<string>Release</string>
		</dict>
		<key>66FE4990182EC270001E5950</key>
		<dict>
			<key>children</key>
			<array>
				<string>66FE499C182EC5CB001E5950</string>
				<string>66FE499D182EC5CB001E5950</string>
				<string>66DD0DDE182EEB4C000098D4</string>
				<string>66DD0DDF182EEB4C000098D4</string>
			</array>
			<key>isa</key>
			<string>PBXGroup</string>
			<key>name</key>
			<string>Models</string>
			<key>sourceTree</key>
			<string>&lt;group&gt;</string>
		</dict>
		<key>66FE4991182EC27D001E5950</key>
		<dict>
			<key>children</key>
			<array>
				<string>66DD0DE1182F0255000098D4</string>
				<string>66DD0DE2182F0255000098D4</string>
				<string>66DD0DE4182F0312000098D4</string>
				<string>66DD0DE5182F0312000098D4</string>
			</array>
			<key>isa</key>
			<string>PBXGroup</string>
			<key>name</key>
			<string>Views</string>
			<key>sourceTree</key>
			<string>&lt;group&gt;</string>
		</dict>
		<key>66FE4992182EC284001E5950</key>
		<dict>
			<key>children</key>
			<array>
				<string>66FE4970182EC0F0001E5950</string>
				<string>66FE4971182EC0F0001E5950</string>
				<string>66DD0DDB182EE903000098D4</string>
				<string>66DD0DDC182EE903000098D4</string>
			</array>
			<key>isa</key>
			<string>PBXGroup</string>
			<key>name</key>
			<string>Controllers</string>
			<key>sourceTree</key>
			<string>&lt;group&gt;</string>
		</dict>
		<key>66FE499C182EC5CB001E5950</key>
		<dict>
			<key>fileEncoding</key>
			<string>4</string>
			<key>isa</key>
			<string>PBXFileReference</string>
			<key>lastKnownFileType</key>
			<string>sourcecode.c.h</string>
			<key>path</key>
			<string>DataModel.h</string>
			<key>sourceTree</key>
			<string>&lt;group&gt;</string>
		</dict>
		<key>66FE499D182EC5CB001E5950</key>
		<dict>
			<key>fileEncoding</key>
			<string>4</string>
			<key>isa</key>
			<string>PBXFileReference</string>
			<key>lastKnownFileType</key>
			<string>sourcecode.c.objc</string>
			<key>path</key>
			<string>DataModel.m</string>
			<key>sourceTree</key>
			<string>&lt;group&gt;</string>
		</dict>
		<key>66FE499E182EC5CB001E5950</key>
		<dict>
			<key>fileRef</key>
			<string>66FE499D182EC5CB001E5950</string>
			<key>isa</key>
			<string>PBXBuildFile</string>
		</dict>
		<key>7F17D22D17504BA484649EB5</key>
		<dict>
			<key>fileRef</key>
			<string>C172A44BC0424202A6C3D1D7</string>
			<key>isa</key>
			<string>PBXBuildFile</string>
		</dict>
		<key>C172A44BC0424202A6C3D1D7</key>
		<dict>
			<key>explicitFileType</key>
			<string>archive.ar</string>
			<key>includeInIndex</key>
			<string>0</string>
			<key>isa</key>
			<string>PBXFileReference</string>
			<key>path</key>
			<string>libPods.a</string>
			<key>sourceTree</key>
			<string>BUILT_PRODUCTS_DIR</string>
		</dict>
		<key>FC57C6B4A43B487D98F49415</key>
		<dict>
			<key>buildActionMask</key>
			<string>2147483647</string>
			<key>files</key>
			<array/>
			<key>inputPaths</key>
			<array/>
			<key>isa</key>
			<string>PBXShellScriptBuildPhase</string>
			<key>name</key>
			<string>Check Pods Manifest.lock</string>
			<key>outputPaths</key>
			<array/>
			<key>runOnlyForDeploymentPostprocessing</key>
			<string>0</string>
			<key>shellPath</key>
			<string>/bin/sh</string>
			<key>shellScript</key>
			<string>diff "${PODS_ROOT}/../Podfile.lock" "${PODS_ROOT}/Manifest.lock" &gt; /dev/null
if [[ $? != 0 ]] ; then
    cat &lt;&lt; EOM
error: The sandbox is not in sync with the Podfile.lock. Run 'pod install' or update your CocoaPods installation.
EOM
    exit 1
fi
</string>
			<key>showEnvVarsInLog</key>
			<string>0</string>
		</dict>
	</dict>
	<key>rootObject</key>
	<string>66FE4950182EC0F0001E5950</string>
</dict>
</plist>
